// !$*UTF8*$!
{
	archiveVersion = 1;
	classes = {
	};
	objectVersion = 48;
	objects = {

/* Begin PBXBuildFile section */
		53850E6B7F11970EC6F963A2 /* Pods_PunkApi.framework in Frameworks */ = {isa = PBXBuildFile; fileRef = 878C40E6ACCC8C7415771A56 /* Pods_PunkApi.framework */; };
		8C33530D1FCB10B200DC1041 /* AppDelegate.swift in Sources */ = {isa = PBXBuildFile; fileRef = 8C33530C1FCB10B200DC1041 /* AppDelegate.swift */; };
		8C33530F1FCB10B200DC1041 /* ViewController.swift in Sources */ = {isa = PBXBuildFile; fileRef = 8C33530E1FCB10B200DC1041 /* ViewController.swift */; };
		8C3353121FCB10B200DC1041 /* Main.storyboard in Resources */ = {isa = PBXBuildFile; fileRef = 8C3353101FCB10B200DC1041 /* Main.storyboard */; };
		8C3353141FCB10B200DC1041 /* Assets.xcassets in Resources */ = {isa = PBXBuildFile; fileRef = 8C3353131FCB10B200DC1041 /* Assets.xcassets */; };
		8C3353171FCB10B200DC1041 /* LaunchScreen.storyboard in Resources */ = {isa = PBXBuildFile; fileRef = 8C3353151FCB10B200DC1041 /* LaunchScreen.storyboard */; };
		8C33531F1FCB262400DC1041 /* BeverageTableViewController.swift in Sources */ = {isa = PBXBuildFile; fileRef = 8C33531E1FCB262400DC1041 /* BeverageTableViewController.swift */; };
		8C3353211FCB278100DC1041 /* Beverage.swift in Sources */ = {isa = PBXBuildFile; fileRef = 8C3353201FCB278100DC1041 /* Beverage.swift */; };
		8C3353231FCB2A4100DC1041 /* ValueUnit.swift in Sources */ = {isa = PBXBuildFile; fileRef = 8C3353221FCB2A4100DC1041 /* ValueUnit.swift */; };
		8C3353251FCB2EF000DC1041 /* MashTemp.swift in Sources */ = {isa = PBXBuildFile; fileRef = 8C3353241FCB2EF000DC1041 /* MashTemp.swift */; };
		8C3353271FCB2F7100DC1041 /* Fermentation.swift in Sources */ = {isa = PBXBuildFile; fileRef = 8C3353261FCB2F7100DC1041 /* Fermentation.swift */; };
		8C3353291FCB2FEA00DC1041 /* BeverageMethod.swift in Sources */ = {isa = PBXBuildFile; fileRef = 8C3353281FCB2FEA00DC1041 /* BeverageMethod.swift */; };
		8C33532B1FCB335A00DC1041 /* BeverageMalt.swift in Sources */ = {isa = PBXBuildFile; fileRef = 8C33532A1FCB335A00DC1041 /* BeverageMalt.swift */; };
		8C33532D1FCB33AA00DC1041 /* BeverageHop.swift in Sources */ = {isa = PBXBuildFile; fileRef = 8C33532C1FCB33AA00DC1041 /* BeverageHop.swift */; };
		8C33532F1FCB356C00DC1041 /* BeverageIngredient.swift in Sources */ = {isa = PBXBuildFile; fileRef = 8C33532E1FCB356C00DC1041 /* BeverageIngredient.swift */; };
		8C3353311FCB462F00DC1041 /* BeverageTableViewCell.swift in Sources */ = {isa = PBXBuildFile; fileRef = 8C3353301FCB462F00DC1041 /* BeverageTableViewCell.swift */; };
		8C3353331FCB510600DC1041 /* REST.swift in Sources */ = {isa = PBXBuildFile; fileRef = 8C3353321FCB510600DC1041 /* REST.swift */; };
		8CD09C761FCB895E003912BF /* Default-568h@2x.png in Resources */ = {isa = PBXBuildFile; fileRef = 8CD09C751FCB895D003912BF /* Default-568h@2x.png */; };
/* End PBXBuildFile section */

/* Begin PBXFileReference section */
		08A94C1335646B6290C4043F /* Pods-PunkApi.debug.xcconfig */ = {isa = PBXFileReference; includeInIndex = 1; lastKnownFileType = text.xcconfig; name = "Pods-PunkApi.debug.xcconfig"; path = "Pods/Target Support Files/Pods-PunkApi/Pods-PunkApi.debug.xcconfig"; sourceTree = "<group>"; };
		535803CFB77129E151CB9C11 /* Pods-PunkApi.release.xcconfig */ = {isa = PBXFileReference; includeInIndex = 1; lastKnownFileType = text.xcconfig; name = "Pods-PunkApi.release.xcconfig"; path = "Pods/Target Support Files/Pods-PunkApi/Pods-PunkApi.release.xcconfig"; sourceTree = "<group>"; };
		878C40E6ACCC8C7415771A56 /* Pods_PunkApi.framework */ = {isa = PBXFileReference; explicitFileType = wrapper.framework; includeInIndex = 0; path = Pods_PunkApi.framework; sourceTree = BUILT_PRODUCTS_DIR; };
		8C3353091FCB10B200DC1041 /* 36557.app */ = {isa = PBXFileReference; explicitFileType = wrapper.application; includeInIndex = 0; path = 36557.app; sourceTree = BUILT_PRODUCTS_DIR; };
		8C33530C1FCB10B200DC1041 /* AppDelegate.swift */ = {isa = PBXFileReference; lastKnownFileType = sourcecode.swift; path = AppDelegate.swift; sourceTree = "<group>"; };
		8C33530E1FCB10B200DC1041 /* ViewController.swift */ = {isa = PBXFileReference; lastKnownFileType = sourcecode.swift; path = ViewController.swift; sourceTree = "<group>"; };
		8C3353111FCB10B200DC1041 /* Base */ = {isa = PBXFileReference; lastKnownFileType = file.storyboard; name = Base; path = Base.lproj/Main.storyboard; sourceTree = "<group>"; };
		8C3353131FCB10B200DC1041 /* Assets.xcassets */ = {isa = PBXFileReference; lastKnownFileType = folder.assetcatalog; path = Assets.xcassets; sourceTree = "<group>"; };
		8C3353161FCB10B200DC1041 /* Base */ = {isa = PBXFileReference; lastKnownFileType = file.storyboard; name = Base; path = Base.lproj/LaunchScreen.storyboard; sourceTree = "<group>"; };
		8C3353181FCB10B200DC1041 /* Info.plist */ = {isa = PBXFileReference; lastKnownFileType = text.plist.xml; path = Info.plist; sourceTree = "<group>"; };
		8C33531E1FCB262400DC1041 /* BeverageTableViewController.swift */ = {isa = PBXFileReference; lastKnownFileType = sourcecode.swift; path = BeverageTableViewController.swift; sourceTree = "<group>"; };
		8C3353201FCB278100DC1041 /* Beverage.swift */ = {isa = PBXFileReference; lastKnownFileType = sourcecode.swift; path = Beverage.swift; sourceTree = "<group>"; };
		8C3353221FCB2A4100DC1041 /* ValueUnit.swift */ = {isa = PBXFileReference; lastKnownFileType = sourcecode.swift; path = ValueUnit.swift; sourceTree = "<group>"; };
		8C3353241FCB2EF000DC1041 /* MashTemp.swift */ = {isa = PBXFileReference; lastKnownFileType = sourcecode.swift; path = MashTemp.swift; sourceTree = "<group>"; };
		8C3353261FCB2F7100DC1041 /* Fermentation.swift */ = {isa = PBXFileReference; lastKnownFileType = sourcecode.swift; path = Fermentation.swift; sourceTree = "<group>"; };
		8C3353281FCB2FEA00DC1041 /* BeverageMethod.swift */ = {isa = PBXFileReference; lastKnownFileType = sourcecode.swift; path = BeverageMethod.swift; sourceTree = "<group>"; };
		8C33532A1FCB335A00DC1041 /* BeverageMalt.swift */ = {isa = PBXFileReference; lastKnownFileType = sourcecode.swift; path = BeverageMalt.swift; sourceTree = "<group>"; };
		8C33532C1FCB33AA00DC1041 /* BeverageHop.swift */ = {isa = PBXFileReference; lastKnownFileType = sourcecode.swift; path = BeverageHop.swift; sourceTree = "<group>"; };
		8C33532E1FCB356C00DC1041 /* BeverageIngredient.swift */ = {isa = PBXFileReference; lastKnownFileType = sourcecode.swift; path = BeverageIngredient.swift; sourceTree = "<group>"; };
		8C3353301FCB462F00DC1041 /* BeverageTableViewCell.swift */ = {isa = PBXFileReference; lastKnownFileType = sourcecode.swift; path = BeverageTableViewCell.swift; sourceTree = "<group>"; };
		8C3353321FCB510600DC1041 /* REST.swift */ = {isa = PBXFileReference; lastKnownFileType = sourcecode.swift; path = REST.swift; sourceTree = "<group>"; };
		8CD09C751FCB895D003912BF /* Default-568h@2x.png */ = {isa = PBXFileReference; lastKnownFileType = image.png; path = "Default-568h@2x.png"; sourceTree = "<group>"; };
/* End PBXFileReference section */

/* Begin PBXFrameworksBuildPhase section */
		8C3353061FCB10B200DC1041 /* Frameworks */ = {
			isa = PBXFrameworksBuildPhase;
			buildActionMask = 2147483647;
			files = (
				53850E6B7F11970EC6F963A2 /* Pods_PunkApi.framework in Frameworks */,
			);
			runOnlyForDeploymentPostprocessing = 0;
		};
/* End PBXFrameworksBuildPhase section */

/* Begin PBXGroup section */
		3AE8476CB83BE01A2B4B73D7 /* Pods */ = {
			isa = PBXGroup;
			children = (
				08A94C1335646B6290C4043F /* Pods-PunkApi.debug.xcconfig */,
				535803CFB77129E151CB9C11 /* Pods-PunkApi.release.xcconfig */,
			);
			name = Pods;
			sourceTree = "<group>";
		};
		8C3353001FCB10B100DC1041 = {
			isa = PBXGroup;
			children = (
				8CD09C751FCB895D003912BF /* Default-568h@2x.png */,
				8C33530B1FCB10B200DC1041 /* PunkBeer */,
				8C33530A1FCB10B200DC1041 /* Products */,
				3AE8476CB83BE01A2B4B73D7 /* Pods */,
				8D526E8750A7FC8D2F042F24 /* Frameworks */,
			);
			sourceTree = "<group>";
		};
		8C33530A1FCB10B200DC1041 /* Products */ = {
			isa = PBXGroup;
			children = (
				8C3353091FCB10B200DC1041 /* 36557.app */,
			);
			name = Products;
			sourceTree = "<group>";
		};
		8C33530B1FCB10B200DC1041 /* PunkBeer */ = {
			isa = PBXGroup;
			children = (
				8C33530C1FCB10B200DC1041 /* AppDelegate.swift */,
				8C33530E1FCB10B200DC1041 /* ViewController.swift */,
				8C3353101FCB10B200DC1041 /* Main.storyboard */,
				8C3353201FCB278100DC1041 /* Beverage.swift */,
				8C33532E1FCB356C00DC1041 /* BeverageIngredient.swift */,
				8C33532A1FCB335A00DC1041 /* BeverageMalt.swift */,
				8C33532C1FCB33AA00DC1041 /* BeverageHop.swift */,
				8C3353221FCB2A4100DC1041 /* ValueUnit.swift */,
				8C3353241FCB2EF000DC1041 /* MashTemp.swift */,
				8C3353281FCB2FEA00DC1041 /* BeverageMethod.swift */,
				8C3353261FCB2F7100DC1041 /* Fermentation.swift */,
				8C33531E1FCB262400DC1041 /* BeverageTableViewController.swift */,
				8C3353321FCB510600DC1041 /* REST.swift */,
				8C3353131FCB10B200DC1041 /* Assets.xcassets */,
				8C3353151FCB10B200DC1041 /* LaunchScreen.storyboard */,
				8C3353181FCB10B200DC1041 /* Info.plist */,
				8C3353301FCB462F00DC1041 /* BeverageTableViewCell.swift */,
			);
			path = PunkBeer;
			sourceTree = "<group>";
		};
		8D526E8750A7FC8D2F042F24 /* Frameworks */ = {
			isa = PBXGroup;
			children = (
				878C40E6ACCC8C7415771A56 /* Pods_PunkApi.framework */,
			);
			name = Frameworks;
			sourceTree = "<group>";
		};
/* End PBXGroup section */

/* Begin PBXNativeTarget section */
		8C3353081FCB10B200DC1041 /* 36557 */ = {
			isa = PBXNativeTarget;
			buildConfigurationList = 8C33531B1FCB10B200DC1041 /* Build configuration list for PBXNativeTarget "36557" */;
			buildPhases = (
				5D492C029B44FFD87569FF3B /* [CP] Check Pods Manifest.lock */,
				8C3353051FCB10B200DC1041 /* Sources */,
				8C3353061FCB10B200DC1041 /* Frameworks */,
				8C3353071FCB10B200DC1041 /* Resources */,
				C1EFE27F2223EC51BA2F3490 /* [CP] Embed Pods Frameworks */,
				8C1994E048242FF58AD785F8 /* [CP] Copy Pods Resources */,
			);
			buildRules = (
			);
			dependencies = (
			);
			name = 36557;
			productName = PunkApi;
			productReference = 8C3353091FCB10B200DC1041 /* 36557.app */;
			productType = "com.apple.product-type.application";
		};
/* End PBXNativeTarget section */

/* Begin PBXProject section */
		8C3353011FCB10B100DC1041 /* Project object */ = {
			isa = PBXProject;
			attributes = {
				LastSwiftUpdateCheck = 0900;
				LastUpgradeCheck = 0900;
				ORGANIZATIONNAME = "Luiz Aquino";
				TargetAttributes = {
					8C3353081FCB10B200DC1041 = {
						CreatedOnToolsVersion = 9.0.1;
						ProvisioningStyle = Automatic;
					};
				};
			};
			buildConfigurationList = 8C3353041FCB10B100DC1041 /* Build configuration list for PBXProject "36557" */;
			compatibilityVersion = "Xcode 8.0";
			developmentRegion = en;
			hasScannedForEncodings = 0;
			knownRegions = (
				en,
				Base,
			);
			mainGroup = 8C3353001FCB10B100DC1041;
			productRefGroup = 8C33530A1FCB10B200DC1041 /* Products */;
			projectDirPath = "";
			projectRoot = "";
			targets = (
				8C3353081FCB10B200DC1041 /* 36557 */,
			);
		};
/* End PBXProject section */

/* Begin PBXResourcesBuildPhase section */
		8C3353071FCB10B200DC1041 /* Resources */ = {
			isa = PBXResourcesBuildPhase;
			buildActionMask = 2147483647;
			files = (
				8C3353171FCB10B200DC1041 /* LaunchScreen.storyboard in Resources */,
				8CD09C761FCB895E003912BF /* Default-568h@2x.png in Resources */,
				8C3353141FCB10B200DC1041 /* Assets.xcassets in Resources */,
				8C3353121FCB10B200DC1041 /* Main.storyboard in Resources */,
			);
			runOnlyForDeploymentPostprocessing = 0;
		};
/* End PBXResourcesBuildPhase section */

/* Begin PBXShellScriptBuildPhase section */
		5D492C029B44FFD87569FF3B /* [CP] Check Pods Manifest.lock */ = {
			isa = PBXShellScriptBuildPhase;
			buildActionMask = 2147483647;
			files = (
			);
			inputPaths = (
				"${PODS_PODFILE_DIR_PATH}/Podfile.lock",
				"${PODS_ROOT}/Manifest.lock",
			);
			name = "[CP] Check Pods Manifest.lock";
			outputPaths = (
				"$(DERIVED_FILE_DIR)/Pods-PunkApi-checkManifestLockResult.txt",
			);
			runOnlyForDeploymentPostprocessing = 0;
			shellPath = /bin/sh;
			shellScript = "diff \"${PODS_PODFILE_DIR_PATH}/Podfile.lock\" \"${PODS_ROOT}/Manifest.lock\" > /dev/null\nif [ $? != 0 ] ; then\n    # print error to STDERR\n    echo \"error: The sandbox is not in sync with the Podfile.lock. Run 'pod install' or update your CocoaPods installation.\" >&2\n    exit 1\nfi\n# This output is used by Xcode 'outputs' to avoid re-running this script phase.\necho \"SUCCESS\" > \"${SCRIPT_OUTPUT_FILE_0}\"\n";
			showEnvVarsInLog = 0;
		};
		8C1994E048242FF58AD785F8 /* [CP] Copy Pods Resources */ = {
			isa = PBXShellScriptBuildPhase;
			buildActionMask = 2147483647;
			files = (
			);
			inputPaths = (
			);
			name = "[CP] Copy Pods Resources";
			outputPaths = (
			);
			runOnlyForDeploymentPostprocessing = 0;
			shellPath = /bin/sh;
			shellScript = "\"${SRCROOT}/Pods/Target Support Files/Pods-PunkApi/Pods-PunkApi-resources.sh\"\n";
			showEnvVarsInLog = 0;
		};
		C1EFE27F2223EC51BA2F3490 /* [CP] Embed Pods Frameworks */ = {
			isa = PBXShellScriptBuildPhase;
			buildActionMask = 2147483647;
			files = (
			);
			inputPaths = (
				"${SRCROOT}/Pods/Target Support Files/Pods-PunkApi/Pods-PunkApi-frameworks.sh",
				"${BUILT_PRODUCTS_DIR}/Kingfisher/Kingfisher.framework",
			);
			name = "[CP] Embed Pods Frameworks";
			outputPaths = (
				"${TARGET_BUILD_DIR}/${FRAMEWORKS_FOLDER_PATH}/Kingfisher.framework",
			);
			runOnlyForDeploymentPostprocessing = 0;
			shellPath = /bin/sh;
			shellScript = "\"${SRCROOT}/Pods/Target Support Files/Pods-PunkApi/Pods-PunkApi-frameworks.sh\"\n";
			showEnvVarsInLog = 0;
		};
/* End PBXShellScriptBuildPhase section */

/* Begin PBXSourcesBuildPhase section */
		8C3353051FCB10B200DC1041 /* Sources */ = {
			isa = PBXSourcesBuildPhase;
			buildActionMask = 2147483647;
			files = (
				8C33530F1FCB10B200DC1041 /* ViewController.swift in Sources */,
				8C3353291FCB2FEA00DC1041 /* BeverageMethod.swift in Sources */,
				8C33531F1FCB262400DC1041 /* BeverageTableViewController.swift in Sources */,
				8C3353251FCB2EF000DC1041 /* MashTemp.swift in Sources */,
				8C3353331FCB510600DC1041 /* REST.swift in Sources */,
				8C33532D1FCB33AA00DC1041 /* BeverageHop.swift in Sources */,
				8C33532F1FCB356C00DC1041 /* BeverageIngredient.swift in Sources */,
				8C3353311FCB462F00DC1041 /* BeverageTableViewCell.swift in Sources */,
				8C3353231FCB2A4100DC1041 /* ValueUnit.swift in Sources */,
				8C3353211FCB278100DC1041 /* Beverage.swift in Sources */,
				8C33532B1FCB335A00DC1041 /* BeverageMalt.swift in Sources */,
				8C3353271FCB2F7100DC1041 /* Fermentation.swift in Sources */,
				8C33530D1FCB10B200DC1041 /* AppDelegate.swift in Sources */,
			);
			runOnlyForDeploymentPostprocessing = 0;
		};
/* End PBXSourcesBuildPhase section */

/* Begin PBXVariantGroup section */
		8C3353101FCB10B200DC1041 /* Main.storyboard */ = {
			isa = PBXVariantGroup;
			children = (
				8C3353111FCB10B200DC1041 /* Base */,
			);
			name = Main.storyboard;
			sourceTree = "<group>";
		};
		8C3353151FCB10B200DC1041 /* LaunchScreen.storyboard */ = {
			isa = PBXVariantGroup;
			children = (
				8C3353161FCB10B200DC1041 /* Base */,
			);
			name = LaunchScreen.storyboard;
			sourceTree = "<group>";
		};
/* End PBXVariantGroup section */

/* Begin XCBuildConfiguration section */
		8C3353191FCB10B200DC1041 /* Debug */ = {
			isa = XCBuildConfiguration;
			buildSettings = {
				ALWAYS_SEARCH_USER_PATHS = NO;
				CLANG_ANALYZER_NONNULL = YES;
				CLANG_ANALYZER_NUMBER_OBJECT_CONVERSION = YES_AGGRESSIVE;
				CLANG_CXX_LANGUAGE_STANDARD = "gnu++14";
				CLANG_CXX_LIBRARY = "libc++";
				CLANG_ENABLE_MODULES = YES;
				CLANG_ENABLE_OBJC_ARC = YES;
				CLANG_WARN_BLOCK_CAPTURE_AUTORELEASING = YES;
				CLANG_WARN_BOOL_CONVERSION = YES;
				CLANG_WARN_COMMA = YES;
				CLANG_WARN_CONSTANT_CONVERSION = YES;
				CLANG_WARN_DIRECT_OBJC_ISA_USAGE = YES_ERROR;
				CLANG_WARN_DOCUMENTATION_COMMENTS = YES;
				CLANG_WARN_EMPTY_BODY = YES;
				CLANG_WARN_ENUM_CONVERSION = YES;
				CLANG_WARN_INFINITE_RECURSION = YES;
				CLANG_WARN_INT_CONVERSION = YES;
				CLANG_WARN_NON_LITERAL_NULL_CONVERSION = YES;
				CLANG_WARN_OBJC_LITERAL_CONVERSION = YES;
				CLANG_WARN_OBJC_ROOT_CLASS = YES_ERROR;
				CLANG_WARN_RANGE_LOOP_ANALYSIS = YES;
				CLANG_WARN_STRICT_PROTOTYPES = YES;
				CLANG_WARN_SUSPICIOUS_MOVE = YES;
				CLANG_WARN_UNGUARDED_AVAILABILITY = YES_AGGRESSIVE;
				CLANG_WARN_UNREACHABLE_CODE = YES;
				CLANG_WARN__DUPLICATE_METHOD_MATCH = YES;
				CODE_SIGN_IDENTITY = "iPhone Developer";
				COPY_PHASE_STRIP = NO;
				DEBUG_INFORMATION_FORMAT = dwarf;
				ENABLE_STRICT_OBJC_MSGSEND = YES;
				ENABLE_TESTABILITY = YES;
				GCC_C_LANGUAGE_STANDARD = gnu11;
				GCC_DYNAMIC_NO_PIC = NO;
				GCC_NO_COMMON_BLOCKS = YES;
				GCC_OPTIMIZATION_LEVEL = 0;
				GCC_PREPROCESSOR_DEFINITIONS = (
					"DEBUG=1",
					"$(inherited)",
				);
				GCC_WARN_64_TO_32_BIT_CONVERSION = YES;
				GCC_WARN_ABOUT_RETURN_TYPE = YES_ERROR;
				GCC_WARN_UNDECLARED_SELECTOR = YES;
				GCC_WARN_UNINITIALIZED_AUTOS = YES_AGGRESSIVE;
				GCC_WARN_UNUSED_FUNCTION = YES;
				GCC_WARN_UNUSED_VARIABLE = YES;
				IPHONEOS_DEPLOYMENT_TARGET = 11.0;
				MTL_ENABLE_DEBUG_INFO = YES;
				ONLY_ACTIVE_ARCH = YES;
				SDKROOT = iphoneos;
				SWIFT_ACTIVE_COMPILATION_CONDITIONS = DEBUG;
				SWIFT_OPTIMIZATION_LEVEL = "-Onone";
			};
			name = Debug;
		};
		8C33531A1FCB10B200DC1041 /* Release */ = {
			isa = XCBuildConfiguration;
			buildSettings = {
				ALWAYS_SEARCH_USER_PATHS = NO;
				CLANG_ANALYZER_NONNULL = YES;
				CLANG_ANALYZER_NUMBER_OBJECT_CONVERSION = YES_AGGRESSIVE;
				CLANG_CXX_LANGUAGE_STANDARD = "gnu++14";
				CLANG_CXX_LIBRARY = "libc++";
				CLANG_ENABLE_MODULES = YES;
				CLANG_ENABLE_OBJC_ARC = YES;
				CLANG_WARN_BLOCK_CAPTURE_AUTORELEASING = YES;
				CLANG_WARN_BOOL_CONVERSION = YES;
				CLANG_WARN_COMMA = YES;
				CLANG_WARN_CONSTANT_CONVERSION = YES;
				CLANG_WARN_DIRECT_OBJC_ISA_USAGE = YES_ERROR;
				CLANG_WARN_DOCUMENTATION_COMMENTS = YES;
				CLANG_WARN_EMPTY_BODY = YES;
				CLANG_WARN_ENUM_CONVERSION = YES;
				CLANG_WARN_INFINITE_RECURSION = YES;
				CLANG_WARN_INT_CONVERSION = YES;
				CLANG_WARN_NON_LITERAL_NULL_CONVERSION = YES;
				CLANG_WARN_OBJC_LITERAL_CONVERSION = YES;
				CLANG_WARN_OBJC_ROOT_CLASS = YES_ERROR;
				CLANG_WARN_RANGE_LOOP_ANALYSIS = YES;
				CLANG_WARN_STRICT_PROTOTYPES = YES;
				CLANG_WARN_SUSPICIOUS_MOVE = YES;
				CLANG_WARN_UNGUARDED_AVAILABILITY = YES_AGGRESSIVE;
				CLANG_WARN_UNREACHABLE_CODE = YES;
				CLANG_WARN__DUPLICATE_METHOD_MATCH = YES;
				CODE_SIGN_IDENTITY = "iPhone Developer";
				COPY_PHASE_STRIP = NO;
				DEBUG_INFORMATION_FORMAT = "dwarf-with-dsym";
				ENABLE_NS_ASSERTIONS = NO;
				ENABLE_STRICT_OBJC_MSGSEND = YES;
				GCC_C_LANGUAGE_STANDARD = gnu11;
				GCC_NO_COMMON_BLOCKS = YES;
				GCC_WARN_64_TO_32_BIT_CONVERSION = YES;
				GCC_WARN_ABOUT_RETURN_TYPE = YES_ERROR;
				GCC_WARN_UNDECLARED_SELECTOR = YES;
				GCC_WARN_UNINITIALIZED_AUTOS = YES_AGGRESSIVE;
				GCC_WARN_UNUSED_FUNCTION = YES;
				GCC_WARN_UNUSED_VARIABLE = YES;
				IPHONEOS_DEPLOYMENT_TARGET = 11.0;
				MTL_ENABLE_DEBUG_INFO = NO;
				SDKROOT = iphoneos;
				SWIFT_OPTIMIZATION_LEVEL = "-Owholemodule";
				VALIDATE_PRODUCT = YES;
			};
			name = Release;
		};
		8C33531C1FCB10B200DC1041 /* Debug */ = {
			isa = XCBuildConfiguration;
			baseConfigurationReference = 08A94C1335646B6290C4043F /* Pods-PunkApi.debug.xcconfig */;
			buildSettings = {
				ASSETCATALOG_COMPILER_APPICON_NAME = AppIcon;
				CODE_SIGN_STYLE = Automatic;
				DEVELOPMENT_TEAM = 455Y65BWFG;
				INFOPLIST_FILE = PunkApi/Info.plist;
				LD_RUNPATH_SEARCH_PATHS = "$(inherited) @executable_path/Frameworks";
				PRODUCT_BUNDLE_IDENTIFIER = br.com.luizaquino.PunkBeers;
				PRODUCT_NAME = "$(TARGET_NAME)";
				SWIFT_VERSION = 4.0;
				TARGETED_DEVICE_FAMILY = 1;
			};
			name = Debug;
		};
		8C33531D1FCB10B200DC1041 /* Release */ = {
			isa = XCBuildConfiguration;
			baseConfigurationReference = 535803CFB77129E151CB9C11 /* Pods-PunkApi.release.xcconfig */;
			buildSettings = {
				ASSETCATALOG_COMPILER_APPICON_NAME = AppIcon;
				CODE_SIGN_STYLE = Automatic;
				DEVELOPMENT_TEAM = 455Y65BWFG;
				INFOPLIST_FILE = PunkApi/Info.plist;
				LD_RUNPATH_SEARCH_PATHS = "$(inherited) @executable_path/Frameworks";
				PRODUCT_BUNDLE_IDENTIFIER = br.com.luizaquino.PunkBeers;
				PRODUCT_NAME = "$(TARGET_NAME)";
				SWIFT_VERSION = 4.0;
				TARGETED_DEVICE_FAMILY = 1;
			};
			name = Release;
		};
/* End XCBuildConfiguration section */

/* Begin XCConfigurationList section */
		8C3353041FCB10B100DC1041 /* Build configuration list for PBXProject "36557" */ = {
			isa = XCConfigurationList;
			buildConfigurations = (
				8C3353191FCB10B200DC1041 /* Debug */,
				8C33531A1FCB10B200DC1041 /* Release */,
			);
			defaultConfigurationIsVisible = 0;
			defaultConfigurationName = Release;
		};
		8C33531B1FCB10B200DC1041 /* Build configuration list for PBXNativeTarget "36557" */ = {
			isa = XCConfigurationList;
			buildConfigurations = (
				8C33531C1FCB10B200DC1041 /* Debug */,
				8C33531D1FCB10B200DC1041 /* Release */,
			);
			defaultConfigurationIsVisible = 0;
			defaultConfigurationName = Release;
		};
/* End XCConfigurationList section */
	};
	rootObject = 8C3353011FCB10B100DC1041 /* Project object */;
}
